
Microsoft Visual Studio Solution File, Format Version 12.00
# Visual Studio 15
Project("{FAE04EC0-301F-11D3-BF4B-00C04F79EFBC}") = "KassBasher", "KassBasher.csproj", "{38CCEBE2-3F19-6BB2-A9D4-0B383F6192CA}"
EndProject
Project("{FAE04EC0-301F-11D3-BF4B-00C04F79EFBC}") = "KassBasher.Editor", "KassBasher.Editor.csproj", "{018B8031-7E36-3C0C-9C4E-48A3B7DAE1F5}"
EndProject
Global
	GlobalSection(SolutionConfigurationPlatforms) = preSolution
		Debug|Any CPU = Debug|Any CPU
		Release|Any CPU = Release|Any CPU
	EndGlobalSection
	GlobalSection(ProjectConfigurationPlatforms) = postSolution
		{38CCEBE2-3F19-6BB2-A9D4-0B383F6192CA}.Debug|Any CPU.ActiveCfg = Debug|Any CPU
		{38CCEBE2-3F19-6BB2-A9D4-0B383F6192CA}.Debug|Any CPU.Build.0 = Debug|Any CPU
		{38CCEBE2-3F19-6BB2-A9D4-0B383F6192CA}.Release|Any CPU.ActiveCfg = Release|Any CPU
		{38CCEBE2-3F19-6BB2-A9D4-0B383F6192CA}.Release|Any CPU.Build.0 = Release|Any CPU
		{018B8031-7E36-3C0C-9C4E-48A3B7DAE1F5}.Debug|Any CPU.ActiveCfg = Debug|Any CPU
		{018B8031-7E36-3C0C-9C4E-48A3B7DAE1F5}.Debug|Any CPU.Build.0 = Debug|Any CPU
		{018B8031-7E36-3C0C-9C4E-48A3B7DAE1F5}.Release|Any CPU.ActiveCfg = Release|Any CPU
		{018B8031-7E36-3C0C-9C4E-48A3B7DAE1F5}.Release|Any CPU.Build.0 = Release|Any CPU
	EndGlobalSection
	GlobalSection(SolutionProperties) = preSolution
		HideSolutionNode = FALSE
	EndGlobalSection
EndGlobal
